
Microsoft Visual Studio Solution File, Format Version 12.00
# Visual Studio Version 16
VisualStudioVersion = 16.0.32630.194
MinimumVisualStudioVersion = 10.0.40219.1
Project("{8BC9CEB8-8B4A-11D0-8D11-00A0C91BC942}") = "Sum-Ave-Three-Nums", "Sum-Ave-Three-Nums\Sum-Ave-Three-Nums.vcxproj", "{16C44C5F-F692-4A42-9DD9-E305C08681DD}"
EndProject
Global
	GlobalSection(SolutionConfigurationPlatforms) = preSolution
		Debug|x64 = Debug|x64
		Debug|x86 = Debug|x86
		Release|x64 = Release|x64
		Release|x86 = Release|x86
	EndGlobalSection
	GlobalSection(ProjectConfigurationPlatforms) = postSolution
		{16C44C5F-F692-4A42-9DD9-E305C08681DD}.Debug|x64.ActiveCfg = Debug|x64
		{16C44C5F-F692-4A42-9DD9-E305C08681DD}.Debug|x64.Build.0 = Debug|x64
		{16C44C5F-F692-4A42-9DD9-E305C08681DD}.Debug|x86.ActiveCfg = Debug|Win32
		{16C44C5F-F692-4A42-9DD9-E305C08681DD}.Debug|x86.Build.0 = Debug|Win32
		{16C44C5F-F692-4A42-9DD9-E305C08681DD}.Release|x64.ActiveCfg = Release|x64
		{16C44C5F-F692-4A42-9DD9-E305C08681DD}.Release|x64.Build.0 = Release|x64
		{16C44C5F-F692-4A42-9DD9-E305C08681DD}.Release|x86.ActiveCfg = Release|Win32
		{16C44C5F-F692-4A42-9DD9-E305C08681DD}.Release|x86.Build.0 = Release|Win32
	EndGlobalSection
	GlobalSection(SolutionProperties) = preSolution
		HideSolutionNode = FALSE
	EndGlobalSection
	GlobalSection(ExtensibilityGlobals) = postSolution
		SolutionGuid = {018DFAFD-CC13-488B-946F-FFBA828766B7}
	EndGlobalSection
EndGlobal
